{
  "version": 4,
  "terraform_version": "1.8.5",
  "serial": 11,
  "lineage": "3cd640e0-6501-4dee-895f-51f8c5f745ff",
  "outputs": {
    "apm_policy_id": {
      "value": "5494382",
      "type": "string"
    },
    "browser_policy_id": {
      "value": "5494381",
      "type": "string"
    },
    "infra_policy_id": {
      "value": "5494383",
      "type": "string"
    }
  },
  "resources": [
    {
      "module": "module.apm-policy",
      "mode": "managed",
      "type": "newrelic_alert_policy",
      "name": "policies",
      "provider": "module.apm-policy.provider[\"registry.terraform.io/newrelic/newrelic\"]",
      "instances": [
        {
          "schema_version": 0,
          "attributes": {
            "account_id": 4438260,
            "channel_ids": null,
            "id": "5494382",
            "incident_preference": "PER_CONDITION",
            "name": "APM-POLICY"
          },
          "sensitive_attributes": [],
          "private": "bnVsbA=="
        }
      ]
    },
    {
      "module": "module.apm-policy",
      "mode": "managed",
      "type": "newrelic_nrql_alert_condition",
      "name": "conditions",
      "provider": "module.apm-policy.provider[\"registry.terraform.io/newrelic/newrelic\"]",
      "instances": [
        {
          "index_key": "apdex-enduser",
          "schema_version": 0,
          "attributes": {
            "account_id": 4438260,
            "aggregation_delay": "120",
            "aggregation_method": "event_flow",
            "aggregation_timer": null,
            "aggregation_window": 60,
            "baseline_direction": null,
            "close_violations_on_expiration": false,
            "critical": [
              {
                "duration": 0,
                "operator": "above",
                "threshold": 0.7,
                "threshold_duration": 300,
                "threshold_occurrences": "all",
                "time_function": ""
              }
            ],
            "description": "",
            "enabled": true,
            "entity_guid": "NDQzODI2MHxBSU9QU3xDT05ESVRJT058NDMzMTgxMTc",
            "evaluation_delay": null,
            "expiration_duration": 0,
            "fill_option": "none",
            "fill_value": 0,
            "id": "5494382:43318117",
            "name": "apdex-enduser-alert",
            "nrql": [
              {
                "data_account_id": 0,
                "evaluation_offset": 0,
                "query": "SELECT  apdex(apm.service.apdex.user) as 'End user' FROM Metric WHERE (entity.guid = 'NDQzODI2MHxBUE18QVBQTElDQVRJT058MTA4Njc3NTUyMg')",
                "since_value": ""
              }
            ],
            "open_violation_on_expiration": false,
            "policy_id": 5494382,
            "runbook_url": "",
            "slide_by": null,
            "term": [],
            "timeouts": null,
            "type": "static",
            "violation_time_limit": "NON_MATCHABLE_LIMIT_VALUE",
            "violation_time_limit_seconds": 259200,
            "warning": []
          },
          "sensitive_attributes": [],
          "private": "eyJlMmJmYjczMC1lY2FhLTExZTYtOGY4OC0zNDM2M2JjN2M0YzAiOnsiY3JlYXRlIjozMDAwMDAwMDAwMH19",
          "dependencies": [
            "module.apm-policy.newrelic_alert_policy.policies"
          ]
        },
        {
          "index_key": "apdex-server",
          "schema_version": 0,
          "attributes": {
            "account_id": 4438260,
            "aggregation_delay": "120",
            "aggregation_method": "event_flow",
            "aggregation_timer": null,
            "aggregation_window": 60,
            "baseline_direction": null,
            "close_violations_on_expiration": false,
            "critical": [
              {
                "duration": 0,
                "operator": "above",
                "threshold": 0.7,
                "threshold_duration": 300,
                "threshold_occurrences": "all",
                "time_function": ""
              }
            ],
            "description": "",
            "enabled": true,
            "entity_guid": "NDQzODI2MHxBSU9QU3xDT05ESVRJT058NDMzMTgxMTM",
            "evaluation_delay": null,
            "expiration_duration": 0,
            "fill_option": "none",
            "fill_value": 0,
            "id": "5494382:43318113",
            "name": "apdex-server-alert",
            "nrql": [
              {
                "data_account_id": 0,
                "evaluation_offset": 0,
                "query": "SELECT  apdex(apm.service.apdex.user) as 'End user' FROM Metric WHERE (entity.guid = 'NDQzODI2MHxBUE18QVBQTElDQVRJT058MTA4Njc3NTUyMg')",
                "since_value": ""
              }
            ],
            "open_violation_on_expiration": false,
            "policy_id": 5494382,
            "runbook_url": "",
            "slide_by": null,
            "term": [],
            "timeouts": null,
            "type": "static",
            "violation_time_limit": "NON_MATCHABLE_LIMIT_VALUE",
            "violation_time_limit_seconds": 259200,
            "warning": []
          },
          "sensitive_attributes": [],
          "private": "eyJlMmJmYjczMC1lY2FhLTExZTYtOGY4OC0zNDM2M2JjN2M0YzAiOnsiY3JlYXRlIjozMDAwMDAwMDAwMH19",
          "dependencies": [
            "module.apm-policy.newrelic_alert_policy.policies"
          ]
        }
      ]
    },
    {
      "module": "module.browser-policy",
      "mode": "managed",
      "type": "newrelic_alert_policy",
      "name": "policies",
      "provider": "module.browser-policy.provider[\"registry.terraform.io/newrelic/newrelic\"]",
      "instances": [
        {
          "schema_version": 0,
          "attributes": {
            "account_id": 4438260,
            "channel_ids": null,
            "id": "5494381",
            "incident_preference": "PER_CONDITION",
            "name": "BROWSER-POLICY"
          },
          "sensitive_attributes": [],
          "private": "bnVsbA=="
        }
      ]
    },
    {
      "module": "module.browser-policy",
      "mode": "managed",
      "type": "newrelic_nrql_alert_condition",
      "name": "conditions",
      "provider": "module.browser-policy.provider[\"registry.terraform.io/newrelic/newrelic\"]",
      "instances": [
        {
          "index_key": "cumulative_layout_shift",
          "schema_version": 0,
          "attributes": {
            "account_id": 4438260,
            "aggregation_delay": "120",
            "aggregation_method": "event_flow",
            "aggregation_timer": null,
            "aggregation_window": 60,
            "baseline_direction": null,
            "close_violations_on_expiration": false,
            "critical": [
              {
                "duration": 0,
                "operator": "above",
                "threshold": 1000,
                "threshold_duration": 300,
                "threshold_occurrences": "all",
                "time_function": ""
              }
            ],
            "description": "",
            "enabled": true,
            "entity_guid": "NDQzODI2MHxBSU9QU3xDT05ESVRJT058NDMzMTgxMTY",
            "evaluation_delay": null,
            "expiration_duration": 0,
            "fill_option": "none",
            "fill_value": 0,
            "id": "5494381:43318116",
            "name": "cumulative_layout_shift_alert",
            "nrql": [
              {
                "data_account_id": 0,
                "evaluation_offset": 0,
                "query": "SELECT average(cumulativeLayoutShift) AS 'CLS' FROM PageViewTiming WHERE appName = 'relicstaurants/browser2'",
                "since_value": ""
              }
            ],
            "open_violation_on_expiration": false,
            "policy_id": 5494381,
            "runbook_url": "",
            "slide_by": null,
            "term": [],
            "timeouts": null,
            "type": "static",
            "violation_time_limit": "NON_MATCHABLE_LIMIT_VALUE",
            "violation_time_limit_seconds": 259200,
            "warning": []
          },
          "sensitive_attributes": [],
          "private": "eyJlMmJmYjczMC1lY2FhLTExZTYtOGY4OC0zNDM2M2JjN2M0YzAiOnsiY3JlYXRlIjozMDAwMDAwMDAwMH19",
          "dependencies": [
            "module.browser-policy.newrelic_alert_policy.policies"
          ]
        },
        {
          "index_key": "first_input_delay",
          "schema_version": 0,
          "attributes": {
            "account_id": 4438260,
            "aggregation_delay": "120",
            "aggregation_method": "event_flow",
            "aggregation_timer": null,
            "aggregation_window": 60,
            "baseline_direction": null,
            "close_violations_on_expiration": false,
            "critical": [
              {
                "duration": 0,
                "operator": "above",
                "threshold": 200,
                "threshold_duration": 300,
                "threshold_occurrences": "all",
                "time_function": ""
              }
            ],
            "description": "",
            "enabled": true,
            "entity_guid": "NDQzODI2MHxBSU9QU3xDT05ESVRJT058NDMzMTgxMTI",
            "evaluation_delay": null,
            "expiration_duration": 0,
            "fill_option": "none",
            "fill_value": 0,
            "id": "5494381:43318112",
            "name": "first_input_delay_alert",
            "nrql": [
              {
                "data_account_id": 0,
                "evaluation_offset": 0,
                "query": "SELECT average(firstInputDelay) AS 'FID (ms)' FROM PageViewTiming WHERE appName = 'relicstaurants/browser2'",
                "since_value": ""
              }
            ],
            "open_violation_on_expiration": false,
            "policy_id": 5494381,
            "runbook_url": "",
            "slide_by": null,
            "term": [],
            "timeouts": null,
            "type": "static",
            "violation_time_limit": "NON_MATCHABLE_LIMIT_VALUE",
            "violation_time_limit_seconds": 259200,
            "warning": []
          },
          "sensitive_attributes": [],
          "private": "eyJlMmJmYjczMC1lY2FhLTExZTYtOGY4OC0zNDM2M2JjN2M0YzAiOnsiY3JlYXRlIjozMDAwMDAwMDAwMH19",
          "dependencies": [
            "module.browser-policy.newrelic_alert_policy.policies"
          ]
        },
        {
          "index_key": "largest_contentful_paint",
          "schema_version": 0,
          "attributes": {
            "account_id": 4438260,
            "aggregation_delay": "120",
            "aggregation_method": "event_flow",
            "aggregation_timer": null,
            "aggregation_window": 60,
            "baseline_direction": null,
            "close_violations_on_expiration": false,
            "critical": [
              {
                "duration": 0,
                "operator": "above",
                "threshold": 4.5,
                "threshold_duration": 300,
                "threshold_occurrences": "all",
                "time_function": ""
              }
            ],
            "description": "",
            "enabled": true,
            "entity_guid": "NDQzODI2MHxBSU9QU3xDT05ESVRJT058NDMzMTgxMTU",
            "evaluation_delay": null,
            "expiration_duration": 0,
            "fill_option": "none",
            "fill_value": 0,
            "id": "5494381:43318115",
            "name": "largest_contentful_paint_alert",
            "nrql": [
              {
                "data_account_id": 0,
                "evaluation_offset": 0,
                "query": "SELECT average(largestContentfulPaint) AS 'LCP (ms)' FROM PageViewTiming WHERE appName = 'relicstaurants/browser2'",
                "since_value": ""
              }
            ],
            "open_violation_on_expiration": false,
            "policy_id": 5494381,
            "runbook_url": "",
            "slide_by": null,
            "term": [],
            "timeouts": null,
            "type": "static",
            "violation_time_limit": "NON_MATCHABLE_LIMIT_VALUE",
            "violation_time_limit_seconds": 259200,
            "warning": []
          },
          "sensitive_attributes": [],
          "private": "eyJlMmJmYjczMC1lY2FhLTExZTYtOGY4OC0zNDM2M2JjN2M0YzAiOnsiY3JlYXRlIjozMDAwMDAwMDAwMH19",
          "dependencies": [
            "module.browser-policy.newrelic_alert_policy.policies"
          ]
        }
      ]
    },
    {
      "module": "module.infrastructure-policy",
      "mode": "managed",
      "type": "newrelic_alert_policy",
      "name": "policies",
      "provider": "module.infrastructure-policy.provider[\"registry.terraform.io/newrelic/newrelic\"]",
      "instances": [
        {
          "schema_version": 0,
          "attributes": {
            "account_id": 4438260,
            "channel_ids": null,
            "id": "5494383",
            "incident_preference": "PER_CONDITION",
            "name": "INFRASTRUCTURE-POLICY"
          },
          "sensitive_attributes": [],
          "private": "bnVsbA=="
        }
      ]
    },
    {
      "module": "module.infrastructure-policy",
      "mode": "managed",
      "type": "newrelic_nrql_alert_condition",
      "name": "conditions",
      "provider": "module.infrastructure-policy.provider[\"registry.terraform.io/newrelic/newrelic\"]",
      "instances": [
        {
          "index_key": "cpu_alert",
          "schema_version": 0,
          "attributes": {
            "account_id": 4438260,
            "aggregation_delay": "120",
            "aggregation_method": "event_flow",
            "aggregation_timer": null,
            "aggregation_window": 60,
            "baseline_direction": null,
            "close_violations_on_expiration": false,
            "critical": [
              {
                "duration": 0,
                "operator": "above",
                "threshold": 80,
                "threshold_duration": 300,
                "threshold_occurrences": "all",
                "time_function": ""
              }
            ],
            "description": "",
            "enabled": true,
            "entity_guid": "NDQzODI2MHxBSU9QU3xDT05ESVRJT058NDMzMTgxMTg",
            "evaluation_delay": null,
            "expiration_duration": 0,
            "fill_option": "none",
            "fill_value": 0,
            "id": "5494383:43318118",
            "name": "cpu_alert",
            "nrql": [
              {
                "data_account_id": 0,
                "evaluation_offset": 0,
                "query": "SELECT average(cpuPercent) AS '%CPU Used' FROM SystemSample",
                "since_value": ""
              }
            ],
            "open_violation_on_expiration": false,
            "policy_id": 5494383,
            "runbook_url": "",
            "slide_by": null,
            "term": [],
            "timeouts": null,
            "type": "static",
            "violation_time_limit": "NON_MATCHABLE_LIMIT_VALUE",
            "violation_time_limit_seconds": 259200,
            "warning": []
          },
          "sensitive_attributes": [],
          "private": "eyJlMmJmYjczMC1lY2FhLTExZTYtOGY4OC0zNDM2M2JjN2M0YzAiOnsiY3JlYXRlIjozMDAwMDAwMDAwMH19",
          "dependencies": [
            "module.infrastructure-policy.newrelic_alert_policy.policies"
          ]
        },
        {
          "index_key": "memory_alert",
          "schema_version": 0,
          "attributes": {
            "account_id": 4438260,
            "aggregation_delay": "120",
            "aggregation_method": "event_flow",
            "aggregation_timer": null,
            "aggregation_window": 60,
            "baseline_direction": null,
            "close_violations_on_expiration": false,
            "critical": [
              {
                "duration": 0,
                "operator": "above",
                "threshold": 90,
                "threshold_duration": 300,
                "threshold_occurrences": "all",
                "time_function": ""
              }
            ],
            "description": "",
            "enabled": true,
            "entity_guid": "NDQzODI2MHxBSU9QU3xDT05ESVRJT058NDMzMTgxMTQ",
            "evaluation_delay": null,
            "expiration_duration": 0,
            "fill_option": "none",
            "fill_value": 0,
            "id": "5494383:43318114",
            "name": "memory_alert",
            "nrql": [
              {
                "data_account_id": 0,
                "evaluation_offset": 0,
                "query": "SELECT average(memoryUsedBytes) * 100 / average(memoryTotalBytes) AS '%RAM Used' FROM SystemSample",
                "since_value": ""
              }
            ],
            "open_violation_on_expiration": false,
            "policy_id": 5494383,
            "runbook_url": "",
            "slide_by": null,
            "term": [],
            "timeouts": null,
            "type": "static",
            "violation_time_limit": "NON_MATCHABLE_LIMIT_VALUE",
            "violation_time_limit_seconds": 259200,
            "warning": []
          },
          "sensitive_attributes": [],
          "private": "eyJlMmJmYjczMC1lY2FhLTExZTYtOGY4OC0zNDM2M2JjN2M0YzAiOnsiY3JlYXRlIjozMDAwMDAwMDAwMH19",
          "dependencies": [
            "module.infrastructure-policy.newrelic_alert_policy.policies"
          ]
        }
      ]
    }
  ],
  "check_results": null
}
